
Microsoft Visual Studio Solution File, Format Version 12.00
# Visual Studio Version 17
VisualStudioVersion = 17.2.32630.192
MinimumVisualStudioVersion = 10.0.40219.1
Project("{FAE04EC0-301F-11D3-BF4B-00C04F79EFBC}") = "Controldeventas", "Controldeventas.csproj", "{22108719-CC51-4A76-8CC3-0545166328D1}"
EndProject
Global
	GlobalSection(SolutionConfigurationPlatforms) = preSolution
		Debug|Any CPU = Debug|Any CPU
		Release|Any CPU = Release|Any CPU
	EndGlobalSection
	GlobalSection(ProjectConfigurationPlatforms) = postSolution
		{22108719-CC51-4A76-8CC3-0545166328D1}.Debug|Any CPU.ActiveCfg = Debug|Any CPU
		{22108719-CC51-4A76-8CC3-0545166328D1}.Debug|Any CPU.Build.0 = Debug|Any CPU
		{22108719-CC51-4A76-8CC3-0545166328D1}.Release|Any CPU.ActiveCfg = Release|Any CPU
		{22108719-CC51-4A76-8CC3-0545166328D1}.Release|Any CPU.Build.0 = Release|Any CPU
	EndGlobalSection
	GlobalSection(SolutionProperties) = preSolution
		HideSolutionNode = FALSE
	EndGlobalSection
	GlobalSection(ExtensibilityGlobals) = postSolution
		SolutionGuid = {6DEE19E9-CC52-48E5-8014-AD3EC581E6B2}
	EndGlobalSection
EndGlobal
